github.com/blang/semver v3.5.1+incompatible h1:cQNTCjp13qL8KC3Nbxr/y2Bqb63oX6wdnnjpJbkM4JQ=
github.com/blang/semver v3.5.1+incompatible/go.mod h1:kRBLl5iJ+tD4TcOOxsy/0fnwebNt5EWlYSAyrTnjyyk=
github.com/clocklock/go-rfc3161 v0.0.0-20160419203229-5ea544d9dee0 h1:OPBTbk3qOg9joiTObdyzkTpV1NSk9yzcMGms1pSh5kg=
github.com/clocklock/go-rfc3161 v0.0.0-20160419203229-5ea544d9dee0/go.mod h1:sZLn59v/4YWGGS/01zAa+PLpsNKMgoVzsnF1mGj0yEc=
github.com/cryptoballot/entropychecker v0.0.0-20180322051156-cdd1e353e376 h1:7DdMX3R/Wv4OB+sf5mtuKocaDfEpFPSJpu02jg43/i8=
github.com/cryptoballot/entropychecker v0.0.0-20180322051156-cdd1e353e376/go.mod h1:HRz3dhLDOdF4kli4XbajIxsetcndH2bnTmMczuNWGQ0=
github.com/go-pdf-sign/crypto v0.0.0-20200826114851-91613b36c631 h1:TwWksQA1247uAvfzhxvBaNHNxjZvQR2a6c6mZzvfzCo=
github.com/go-pdf-sign/crypto v0.0.0-20200826114851-91613b36c631/go.mod h1:LzIPMQfyMNhhGPhUkYOs5KpL4U8rLKemX1yGLhDgUto=
github.com/go-pdf-sign/pdfcpu v0.3.7-0.20200824151223-ad7d4731d0a2 h1:t3TY8DBrICOtKySEbtJQ0pSLCYPQ5K4TOZCn7cIPlj4=
github.com/go-pdf-sign/pdfcpu v0.3.7-0.20200824151223-ad7d4731d0a2/go.mod h1:3wwz3xi60q88WM0kKZeOJvdQ4YgW4Og7whEiodseWs8=
github.com/hhrutter/lzw v0.0.0-20190827003112-58b82c5a41cc/go.mod h1:yJBvOcu1wLQ9q9XZmfiPfur+3dQJuIhYQsMGLYcItZk=
github.com/hhrutter/lzw v0.0.0-20190829144645-6f07a24e8650 h1:1yY/RQWNSBjJe2GDCIYoLmpWVidrooriUr4QS/zaATQ=
github.com/hhrutter/lzw v0.0.0-20190829144645-6f07a24e8650/go.mod h1:yJBvOcu1wLQ9q9XZmfiPfur+3dQJuIhYQsMGLYcItZk=
github.com/hhrutter/tiff v0.0.0-20190829141212-736cae8d0bc7 h1:o1wMw7uTNyA58IlEdDpxIrtFHTgnvYzA8sCQz8luv94=
github.com/hhrutter/tiff v0.0.0-20190829141212-736cae8d0bc7/go.mod h1:WkUxfS2JUu3qPo6tRld7ISb8HiC0gVSU91kooBMDVok=
github.com/phayes/cryptoid v0.0.0-20160503233126-981f0b34ea99 h1:tBXA/x8D3f61TOvO80P2LFjwIJ7AYVAgcyxkWqMxWkc=
github.com/phayes/cryptoid v0.0.0-20160503233126-981f0b34ea99/go.mod h1:v+QDq7pUBXQy29R86Agi+SianQobS5uQHKLu0CZvvkc=
github.com/philhug/go-trustlists v0.0.0-20200805131212-7a4658019824 h1:jCWUjFVXQwhDdiUSPy7TQo4Kdwltgbwk26W0y8TLuIo=
github.com/philhug/go-trustlists v0.0.0-20200805131212-7a4658019824/go.mod h1:ify6+nGza3+YL0MQieBLeFEnTUDBsbyegG/4DK2qT9A=
github.com/pkg/errors v0.9.1 h1:FEBLx1zS214owpjy7qsBeixbURkuhQAwrK5UwLGTwt4=
github.com/pkg/errors v0.9.1/go.mod h1:bwawxfHBFNV+L2hUp1rHADufV3IMtnDRdf1r5NINEl0=
go.mozilla.org/pkcs7 v0.0.0-20200128120323-432b2356ecb1 h1:A/5uWzF44DlIgdm/PQFwfMkW0JX+cIcQi/SwLAmZP5M=
go.mozilla.org/pkcs7 v0.0.0-20200128120323-432b2356ecb1/go.mod h1:SNgMg+EgDFwmvSmLRTNKC5fegJjB7v23qTQ0XLGUNHk=
golang.org/x/image v0.0.0-20190823064033-3a9bac650e44/go.mod h1:FeLwcggjj3mMvU+oOTbSwawSJRM1uh48EjtB4UJZlP0=
golang.org/x/image v0.0.0-20200618115811-c13761719519 h1:1e2ufUJNM3lCHEY5jIgac/7UTjd6cgJNdatjPdFWf34=
golang.org/x/image v0.0.0-20200618115811-c13761719519/go.mod h1:FeLwcggjj3mMvU+oOTbSwawSJRM1uh48EjtB4UJZlP0=
golang.org/x/net v0.0.0-20190404232315-eb5bcb51f2a3/go.mod h1:t9HGtf8HONx5eT2rtn7q6eTqICYqUVnKs3thJo3Qplg=
golang.org/x/sys v0.0.0-20190412213103-97732733099d h1:+R4KGOnez64A81RvjARKc4UT5/tI9ujCIVX+P5KiHuI=
golang.org/x/sys v0.0.0-20190412213103-97732733099d/go.mod h1:h1NjWce9XRLGQEsW7wpKNCjG9DtNlClVuFLEZdDNbEs=
golang.org/x/text v0.3.0/go.mod h1:NqM8EUOU14njkJ3fqMW+pc6Ldnwhi/IjpwHt7yyuwOQ=
